// !$*UTF8*$!
{
	archiveVersion = 1;
	classes = {
	};
	objectVersion = 56;
	objects = {

/* Begin PBXBuildFile section */
		D84F6791F666629B93B14611 /* AppDelegate.swift in Sources */ = {isa = PBXBuildFile; fileRef = C11C1024D868AA002297C6DA /* AppDelegate.swift */; };
		4D25B10B57B0CDDF193C01FA /* AirChatBridge.swift in Sources */ = {isa = PBXBuildFile; fileRef = B92DDF7967CB600772CF44F7 /* AirChatBridge.swift */; };
		63A3448AD1D252162EBBBA29 /* ImagePickerCoordinator.swift in Sources */ = {isa = PBXBuildFile; fileRef = 29AD9E33867DD49D075F8012 /* ImagePickerCoordinator.swift */; };
		7EA85A136C3C21B74080422A /* NativeRecorder.swift in Sources */ = {isa = PBXBuildFile; fileRef = E1487F85A953E332E3088223 /* NativeRecorder.swift */; };
		5A7D0463D7DFC58777116435 /* AirChatBonjour.swift in Sources */ = {isa = PBXBuildFile; fileRef = 310E81CC92DB251968C0A91E /* AirChatBonjour.swift */; };
		E234CAC21931DDBFC050CE26 /* AppRuntime.swift in Sources */ = {isa = PBXBuildFile; fileRef = 5962CE778B46ABBDDC967272 /* AppRuntime.swift */; };
		76E399A5A5D4193DA2E602E4 /* KeepAlive.swift in Sources */ = {isa = PBXBuildFile; fileRef = 0A7A758694A0557BE689C8AE /* KeepAlive.swift */; };
		B06FF6D45C6B7CC6A1AC77A3 /* AESGCM.swift in Sources */ = {isa = PBXBuildFile; fileRef = AE5E29F5C6DA56AFB00485DB /* AESGCM.swift */; };
		0ECC94305BD0850E27356AE1 /* MeshManager.swift in Sources */ = {isa = PBXBuildFile; fileRef = 172CF4AB5DBBA4E195EF8C92 /* MeshManager.swift */; };
		FF58BD7019A22A68519E2756 /* AirChatServer.swift in Sources */ = {isa = PBXBuildFile; fileRef = 6180B6D315DB48046E7A29F2 /* AirChatServer.swift */; };
		F3DA8E7A859D4409742338D0 /* HTTPRequest.swift in Sources */ = {isa = PBXBuildFile; fileRef = A145FB0668A4426395952F85 /* HTTPRequest.swift */; };
		A048CFEE4B82C689B7905D87 /* NetworkInfo.swift in Sources */ = {isa = PBXBuildFile; fileRef = DFCE1D5C138F7E45F9172136 /* NetworkInfo.swift */; };
		83CB96B15B7A0D5B44C589E7 /* WebContent.swift in Sources */ = {isa = PBXBuildFile; fileRef = 61DE8702869CB86E65835E6F /* WebContent.swift */; };
		C445462C6D83CC78B59F28BB /* WebSocket.swift in Sources */ = {isa = PBXBuildFile; fileRef = 3A2ABB4CBBB415967AFE21DD /* WebSocket.swift */; };
		083393E4E2AB6D11C0A0A627 /* RoomState.swift in Sources */ = {isa = PBXBuildFile; fileRef = 9D0719BF6CBF70F1178CE2B9 /* RoomState.swift */; };
		FD550A68249C175CA993C2A5 /* SceneDelegate.swift in Sources */ = {isa = PBXBuildFile; fileRef = B74BC5F7AC4D351A9BB2507D /* SceneDelegate.swift */; };
		579CA675CF971A8C846B2F9C /* LocationProvider.swift in Sources */ = {isa = PBXBuildFile; fileRef = F50A42E94F66E26AE3363D01 /* LocationProvider.swift */; };
		48E3B6BDC683F23BA08A8505 /* HomeViewController.swift in Sources */ = {isa = PBXBuildFile; fileRef = 8242610E0324EFD87EF81C24 /* HomeViewController.swift */; };
		3479036C8C9405B1925F4C53 /* HostPanelView.swift in Sources */ = {isa = PBXBuildFile; fileRef = 90CC975BA8089A93F203D908 /* HostPanelView.swift */; };
		54176F2240AAD4299B986F03 /* RuntimeModel.swift in Sources */ = {isa = PBXBuildFile; fileRef = 2FCAC818DFBC7A8C3333B328 /* RuntimeModel.swift */; };
		13E9BA06B379E9C7A00A360A /* Haptics.swift in Sources */ = {isa = PBXBuildFile; fileRef = A132DDD57F433853C2870A44 /* Haptics.swift */; };
		CD792918D9C5CE26B547B029 /* Localization.swift in Sources */ = {isa = PBXBuildFile; fileRef = 2D12E3982EE9EEAA18138C23 /* Localization.swift */; };
		45B4661BB5BE861D32E9B1BD /* QRCode.swift in Sources */ = {isa = PBXBuildFile; fileRef = 66D20A3604F164602FDDD579 /* QRCode.swift */; };
		53226DCC8247F38756D7D29A /* WebApp in Resources */ = {isa = PBXBuildFile; fileRef = 3B83DE3C57BC00531B1343CC /* WebApp */; };
		D0DF461FE20F63D6F0FE73F0 /* Assets.xcassets in Resources */ = {isa = PBXBuildFile; fileRef = E6552692C8E44EF4B69C9032 /* Assets.xcassets */; };
/* End PBXBuildFile section */


/* Begin PBXFileReference section */
		C11C1024D868AA002297C6DA /* AppDelegate.swift */ = {isa = PBXFileReference; lastKnownFileType = sourcecode.swift; path = AppDelegate.swift; sourceTree = "<group>"; };
		B92DDF7967CB600772CF44F7 /* AirChatBridge.swift */ = {isa = PBXFileReference; lastKnownFileType = sourcecode.swift; path = AirChatBridge.swift; sourceTree = "<group>"; };
		29AD9E33867DD49D075F8012 /* ImagePickerCoordinator.swift */ = {isa = PBXFileReference; lastKnownFileType = sourcecode.swift; path = ImagePickerCoordinator.swift; sourceTree = "<group>"; };
		E1487F85A953E332E3088223 /* NativeRecorder.swift */ = {isa = PBXFileReference; lastKnownFileType = sourcecode.swift; path = NativeRecorder.swift; sourceTree = "<group>"; };
		310E81CC92DB251968C0A91E /* AirChatBonjour.swift */ = {isa = PBXFileReference; lastKnownFileType = sourcecode.swift; path = AirChatBonjour.swift; sourceTree = "<group>"; };
		5962CE778B46ABBDDC967272 /* AppRuntime.swift */ = {isa = PBXFileReference; lastKnownFileType = sourcecode.swift; path = AppRuntime.swift; sourceTree = "<group>"; };
		0A7A758694A0557BE689C8AE /* KeepAlive.swift */ = {isa = PBXFileReference; lastKnownFileType = sourcecode.swift; path = KeepAlive.swift; sourceTree = "<group>"; };
		AE5E29F5C6DA56AFB00485DB /* AESGCM.swift */ = {isa = PBXFileReference; lastKnownFileType = sourcecode.swift; path = AESGCM.swift; sourceTree = "<group>"; };
		172CF4AB5DBBA4E195EF8C92 /* MeshManager.swift */ = {isa = PBXFileReference; lastKnownFileType = sourcecode.swift; path = MeshManager.swift; sourceTree = "<group>"; };
		6180B6D315DB48046E7A29F2 /* AirChatServer.swift */ = {isa = PBXFileReference; lastKnownFileType = sourcecode.swift; path = AirChatServer.swift; sourceTree = "<group>"; };
		A145FB0668A4426395952F85 /* HTTPRequest.swift */ = {isa = PBXFileReference; lastKnownFileType = sourcecode.swift; path = HTTPRequest.swift; sourceTree = "<group>"; };
		DFCE1D5C138F7E45F9172136 /* NetworkInfo.swift */ = {isa = PBXFileReference; lastKnownFileType = sourcecode.swift; path = NetworkInfo.swift; sourceTree = "<group>"; };
		61DE8702869CB86E65835E6F /* WebContent.swift */ = {isa = PBXFileReference; lastKnownFileType = sourcecode.swift; path = WebContent.swift; sourceTree = "<group>"; };
		3A2ABB4CBBB415967AFE21DD /* WebSocket.swift */ = {isa = PBXFileReference; lastKnownFileType = sourcecode.swift; path = WebSocket.swift; sourceTree = "<group>"; };
		9D0719BF6CBF70F1178CE2B9 /* RoomState.swift */ = {isa = PBXFileReference; lastKnownFileType = sourcecode.swift; path = RoomState.swift; sourceTree = "<group>"; };
		B74BC5F7AC4D351A9BB2507D /* SceneDelegate.swift */ = {isa = PBXFileReference; lastKnownFileType = sourcecode.swift; path = SceneDelegate.swift; sourceTree = "<group>"; };
		F50A42E94F66E26AE3363D01 /* LocationProvider.swift */ = {isa = PBXFileReference; lastKnownFileType = sourcecode.swift; path = LocationProvider.swift; sourceTree = "<group>"; };
		8242610E0324EFD87EF81C24 /* HomeViewController.swift */ = {isa = PBXFileReference; lastKnownFileType = sourcecode.swift; path = HomeViewController.swift; sourceTree = "<group>"; };
		90CC975BA8089A93F203D908 /* HostPanelView.swift */ = {isa = PBXFileReference; lastKnownFileType = sourcecode.swift; path = HostPanelView.swift; sourceTree = "<group>"; };
		2FCAC818DFBC7A8C3333B328 /* RuntimeModel.swift */ = {isa = PBXFileReference; lastKnownFileType = sourcecode.swift; path = RuntimeModel.swift; sourceTree = "<group>"; };
		A132DDD57F433853C2870A44 /* Haptics.swift */ = {isa = PBXFileReference; lastKnownFileType = sourcecode.swift; path = Haptics.swift; sourceTree = "<group>"; };
		2D12E3982EE9EEAA18138C23 /* Localization.swift */ = {isa = PBXFileReference; lastKnownFileType = sourcecode.swift; path = Localization.swift; sourceTree = "<group>"; };
		66D20A3604F164602FDDD579 /* QRCode.swift */ = {isa = PBXFileReference; lastKnownFileType = sourcecode.swift; path = QRCode.swift; sourceTree = "<group>"; };
		3B83DE3C57BC00531B1343CC /* WebApp */ = {isa = PBXFileReference; lastKnownFileType = folder; path = WebApp; sourceTree = "<group>"; };
		E6552692C8E44EF4B69C9032 /* Assets.xcassets */ = {isa = PBXFileReference; lastKnownFileType = folder.assetcatalog; path = Assets.xcassets; sourceTree = "<group>"; };
		B9B2842EEB269E2237EA8660 /* Info.plist */ = {isa = PBXFileReference; lastKnownFileType = text.plist.xml; path = Info.plist; sourceTree = "<group>"; };
		9D237B35902BE1A2F7C31529 /* AirChat.entitlements */ = {isa = PBXFileReference; lastKnownFileType = text.plist.entitlements; path = AirChat.entitlements; sourceTree = "<group>"; };
		C3493AC5D59A2B3D35338DC6 /* AirChat.app */ = {isa = PBXFileReference; explicitFileType = wrapper.application; includeInIndex = 0; path = AirChat.app; sourceTree = BUILT_PRODUCTS_DIR; };
/* End PBXFileReference section */


/* Begin PBXFrameworksBuildPhase section */
		B365BE9502C3128F5D540532 /* Frameworks */ = {isa = PBXFrameworksBuildPhase; buildActionMask = 2147483647; files = (
			);
			runOnlyForDeploymentPostprocessing = 0; };
/* End PBXFrameworksBuildPhase section */


/* Begin PBXGroup section */
		7F1970A8465B3097B06E26BE /* Bridge */ = {
			isa = PBXGroup;
			children = (
				B92DDF7967CB600772CF44F7 /* AirChatBridge.swift */,
				29AD9E33867DD49D075F8012 /* ImagePickerCoordinator.swift */,
				E1487F85A953E332E3088223 /* NativeRecorder.swift */,
			);
			path = Bridge;
			sourceTree = "<group>";
		};
		CE8A0A4ED2781F83AA441361 /* Host */ = {
			isa = PBXGroup;
			children = (
				310E81CC92DB251968C0A91E /* AirChatBonjour.swift */,
				5962CE778B46ABBDDC967272 /* AppRuntime.swift */,
				0A7A758694A0557BE689C8AE /* KeepAlive.swift */,
			);
			path = Host;
			sourceTree = "<group>";
		};
		2929F2C805946953FAEBF285 /* Mesh */ = {
			isa = PBXGroup;
			children = (
				AE5E29F5C6DA56AFB00485DB /* AESGCM.swift */,
				172CF4AB5DBBA4E195EF8C92 /* MeshManager.swift */,
			);
			path = Mesh;
			sourceTree = "<group>";
		};
		5838A5C6ECBCC85AA8C61422 /* Net */ = {
			isa = PBXGroup;
			children = (
				6180B6D315DB48046E7A29F2 /* AirChatServer.swift */,
				A145FB0668A4426395952F85 /* HTTPRequest.swift */,
				DFCE1D5C138F7E45F9172136 /* NetworkInfo.swift */,
				61DE8702869CB86E65835E6F /* WebContent.swift */,
				3A2ABB4CBBB415967AFE21DD /* WebSocket.swift */,
			);
			path = Net;
			sourceTree = "<group>";
		};
		442402207B0EBA45E9CCB177 /* Room */ = {
			isa = PBXGroup;
			children = (
				9D0719BF6CBF70F1178CE2B9 /* RoomState.swift */,
			);
			path = Room;
			sourceTree = "<group>";
		};
		A65277D0150EE2F2C5FB4ECA /* Sensors */ = {
			isa = PBXGroup;
			children = (
				F50A42E94F66E26AE3363D01 /* LocationProvider.swift */,
			);
			path = Sensors;
			sourceTree = "<group>";
		};
		4A06DC74A39451E740FFC4FB /* UI */ = {
			isa = PBXGroup;
			children = (
				8242610E0324EFD87EF81C24 /* HomeViewController.swift */,
				90CC975BA8089A93F203D908 /* HostPanelView.swift */,
				2FCAC818DFBC7A8C3333B328 /* RuntimeModel.swift */,
			);
			path = UI;
			sourceTree = "<group>";
		};
		C28261512F8D212069E1E65C /* Util */ = {
			isa = PBXGroup;
			children = (
				A132DDD57F433853C2870A44 /* Haptics.swift */,
				2D12E3982EE9EEAA18138C23 /* Localization.swift */,
				66D20A3604F164602FDDD579 /* QRCode.swift */,
			);
			path = Util;
			sourceTree = "<group>";
		};
		39A5B0C87020D1B4C992CFC6 /* Sources */ = {
			isa = PBXGroup;
			children = (
				C11C1024D868AA002297C6DA /* AppDelegate.swift */,
				B74BC5F7AC4D351A9BB2507D /* SceneDelegate.swift */,
				7F1970A8465B3097B06E26BE /* Bridge */,
				CE8A0A4ED2781F83AA441361 /* Host */,
				2929F2C805946953FAEBF285 /* Mesh */,
				5838A5C6ECBCC85AA8C61422 /* Net */,
				442402207B0EBA45E9CCB177 /* Room */,
				A65277D0150EE2F2C5FB4ECA /* Sensors */,
				4A06DC74A39451E740FFC4FB /* UI */,
				C28261512F8D212069E1E65C /* Util */,
			);
			path = Sources;
			sourceTree = "<group>";
		};
		7FEB43EDA449E96DA6924E44 /* Resources */ = {
			isa = PBXGroup;
			children = (
				E6552692C8E44EF4B69C9032 /* Assets.xcassets */,
			);
			path = Resources;
			sourceTree = "<group>";
		};
		7498DABC41C76C3F80CDC54C /* AirChat */ = {
			isa = PBXGroup;
			children = (
				B9B2842EEB269E2237EA8660 /* Info.plist */,
				9D237B35902BE1A2F7C31529 /* AirChat.entitlements */,
				39A5B0C87020D1B4C992CFC6 /* Sources */,
				3B83DE3C57BC00531B1343CC /* WebApp */,
				7FEB43EDA449E96DA6924E44 /* Resources */,
			);
			path = AirChat;
			sourceTree = "<group>";
		};
		31A5E41A9BD04E385DB196E5 /* Products */ = {
			isa = PBXGroup;
			children = (
				C3493AC5D59A2B3D35338DC6 /* AirChat.app */,
			);
			name = Products;
			sourceTree = "<group>";
		};
		E2258AA71B17E0A3529C6C95 = {
			isa = PBXGroup;
			children = (
				7498DABC41C76C3F80CDC54C /* AirChat */,
				31A5E41A9BD04E385DB196E5 /* Products */,
			);
			sourceTree = "<group>";
		};
/* End PBXGroup section */


/* Begin PBXNativeTarget section */
		B79E176806357E9D2022013F /* AirChat */ = {
			isa = PBXNativeTarget;
			buildConfigurationList = 09185177824D0012F345AF29 /* Build configuration list for PBXNativeTarget "AirChat" */;
			buildPhases = (
				2ECBA641E631614B4EB7D08D /* Sync shared web app */,
				E9AC67C993D2511BDAD48561 /* Sources */,
				B365BE9502C3128F5D540532 /* Frameworks */,
				483A0E0C9C74F0CBD6A612E6 /* Resources */,
			);
			buildRules = (
			);
			dependencies = (
			);
			name = AirChat;
			packageProductDependencies = (
			);
			productName = AirChat;
			productReference = C3493AC5D59A2B3D35338DC6 /* AirChat.app */;
			productType = "com.apple.product-type.application";
		};
/* End PBXNativeTarget section */


/* Begin PBXProject section */
		E51AD14318E989A1C93BB630 /* AirChat */ = {
			isa = PBXProject;
			attributes = {
				BuildIndependentTargetsInParallel = 1;
				LastSwiftUpdateCheck = 1500;
				LastUpgradeCheck = 1500;
				TargetAttributes = {
					B79E176806357E9D2022013F = {
						CreatedOnToolsVersion = 15.0;
						ProvisioningStyle = Automatic;
					};
				};
			};
			buildConfigurationList = F086F31674BEA44957E3CCA5 /* Build configuration list for PBXProject "AirChat" */;
			compatibilityVersion = "Xcode 14.0";
			developmentRegion = en;
			hasScannedForEncodings = 0;
			knownRegions = (
				en,
				ro,
				Base,
			);
			mainGroup = E2258AA71B17E0A3529C6C95;
			productRefGroup = 31A5E41A9BD04E385DB196E5 /* Products */;
			projectDirPath = "";
			projectRoot = "";
			targets = (
				B79E176806357E9D2022013F /* AirChat */,
			);
		};
/* End PBXProject section */


/* Begin PBXResourcesBuildPhase section */
		483A0E0C9C74F0CBD6A612E6 /* Resources */ = {isa = PBXResourcesBuildPhase; buildActionMask = 2147483647;
			files = (
				53226DCC8247F38756D7D29A /* WebApp in Resources */,
				D0DF461FE20F63D6F0FE73F0 /* Assets.xcassets in Resources */,
			);
			runOnlyForDeploymentPostprocessing = 0;
		};
/* End PBXResourcesBuildPhase section */


/* Begin PBXShellScriptBuildPhase section */
		2ECBA641E631614B4EB7D08D /* Sync shared web app */ = {
			isa = PBXShellScriptBuildPhase;
			alwaysOutOfDate = 1;
			buildActionMask = 2147483647;
			files = (
			);
			inputFileListPaths = (
			);
			inputPaths = (
				"$(SRCROOT)/../../app/src/main/assets/index.html",
			);
			name = "Sync shared web app";
			outputFileListPaths = (
			);
			outputPaths = (
				"$(SRCROOT)/AirChat/WebApp/index.html",
			);
			runOnlyForDeploymentPostprocessing = 0;
			shellPath = /bin/bash;
			shellScript = "\"${SRCROOT}/scripts/sync_web_assets.sh\"\n";
		};
/* End PBXShellScriptBuildPhase section */


/* Begin PBXSourcesBuildPhase section */
		E9AC67C993D2511BDAD48561 /* Sources */ = {isa = PBXSourcesBuildPhase; buildActionMask = 2147483647;
			files = (
				D84F6791F666629B93B14611 /* AppDelegate.swift in Sources */,
				4D25B10B57B0CDDF193C01FA /* AirChatBridge.swift in Sources */,
				63A3448AD1D252162EBBBA29 /* ImagePickerCoordinator.swift in Sources */,
				7EA85A136C3C21B74080422A /* NativeRecorder.swift in Sources */,
				5A7D0463D7DFC58777116435 /* AirChatBonjour.swift in Sources */,
				E234CAC21931DDBFC050CE26 /* AppRuntime.swift in Sources */,
				76E399A5A5D4193DA2E602E4 /* KeepAlive.swift in Sources */,
				B06FF6D45C6B7CC6A1AC77A3 /* AESGCM.swift in Sources */,
				0ECC94305BD0850E27356AE1 /* MeshManager.swift in Sources */,
				FF58BD7019A22A68519E2756 /* AirChatServer.swift in Sources */,
				F3DA8E7A859D4409742338D0 /* HTTPRequest.swift in Sources */,
				A048CFEE4B82C689B7905D87 /* NetworkInfo.swift in Sources */,
				83CB96B15B7A0D5B44C589E7 /* WebContent.swift in Sources */,
				C445462C6D83CC78B59F28BB /* WebSocket.swift in Sources */,
				083393E4E2AB6D11C0A0A627 /* RoomState.swift in Sources */,
				FD550A68249C175CA993C2A5 /* SceneDelegate.swift in Sources */,
				579CA675CF971A8C846B2F9C /* LocationProvider.swift in Sources */,
				48E3B6BDC683F23BA08A8505 /* HomeViewController.swift in Sources */,
				3479036C8C9405B1925F4C53 /* HostPanelView.swift in Sources */,
				54176F2240AAD4299B986F03 /* RuntimeModel.swift in Sources */,
				13E9BA06B379E9C7A00A360A /* Haptics.swift in Sources */,
				CD792918D9C5CE26B547B029 /* Localization.swift in Sources */,
				45B4661BB5BE861D32E9B1BD /* QRCode.swift in Sources */,
			);
			runOnlyForDeploymentPostprocessing = 0;
		};
/* End PBXSourcesBuildPhase section */


/* Begin XCBuildConfiguration section */
		282F8BED7AC8E61EF9F4311F /* Debug */ = {
			isa = XCBuildConfiguration;
			buildSettings = {
				ALWAYS_SEARCH_USER_PATHS = NO;
				CLANG_ANALYZER_NONNULL = YES;
				CLANG_ENABLE_MODULES = YES;
				CLANG_ENABLE_OBJC_ARC = YES;
				COPY_PHASE_STRIP = NO;
				ENABLE_STRICT_OBJC_MSGSEND = YES;
				GCC_C_LANGUAGE_STANDARD = gnu17;
				IPHONEOS_DEPLOYMENT_TARGET = 15.0;
				ONLY_ACTIVE_ARCH = YES;
				SDKROOT = iphoneos;
				SWIFT_ACTIVE_COMPILATION_CONDITIONS = "DEBUG $(inherited)";
				SWIFT_OPTIMIZATION_LEVEL = -Onone;
			};
			name = Debug;
		};
		BAA844323E141A79DF10B0D7 /* Release */ = {
			isa = XCBuildConfiguration;
			buildSettings = {
				ALWAYS_SEARCH_USER_PATHS = NO;
				CLANG_ENABLE_MODULES = YES;
				CLANG_ENABLE_OBJC_ARC = YES;
				ENABLE_NS_ASSERTIONS = NO;
				IPHONEOS_DEPLOYMENT_TARGET = 15.0;
				SDKROOT = iphoneos;
				SWIFT_OPTIMIZATION_LEVEL = -O;
				VALIDATE_PRODUCT = YES;
			};
			name = Release;
		};
		2381CE2D4AF8729870E1984E /* Debug */ = {
			isa = XCBuildConfiguration;
			buildSettings = {
				ASSETCATALOG_COMPILER_APPICON_NAME = AppIcon;
				ASSETCATALOG_COMPILER_GLOBAL_ACCENT_COLOR_NAME = AccentColor;
				CODE_SIGN_ENTITLEMENTS = AirChat/AirChat.entitlements;
				CODE_SIGN_IDENTITY = "iPhone Developer";
				CODE_SIGN_STYLE = Automatic;
				COPY_PHASE_STRIP = NO;
				CURRENT_PROJECT_VERSION = 1;
				DEVELOPMENT_TEAM = "";
				ENABLE_USER_SCRIPT_SANDBOXING = NO;
				GENERATE_INFOPLIST_FILE = NO;
				INFOPLIST_FILE = AirChat/Info.plist;
				IPHONEOS_DEPLOYMENT_TARGET = 15.0;
				LD_RUNPATH_SEARCH_PATHS = "$(inherited) @executable_path/Frameworks";
				MARKETING_VERSION = 3.0.0;
				PRODUCT_BUNDLE_IDENTIFIER = com.skidropz.airchat;
				PRODUCT_NAME = AirChat;
				SWIFT_EMIT_LOC_STRINGS = NO;
				SWIFT_VERSION = 5.0;
				TARGETED_DEVICE_FAMILY = 1;
				ONLY_ACTIVE_ARCH = YES;
				SWIFT_ACTIVE_COMPILATION_CONDITIONS = "DEBUG $(inherited)";
			};
			name = Debug;
		};
		AB7D16C820D649D1E1709822 /* Release */ = {
			isa = XCBuildConfiguration;
			buildSettings = {
				ASSETCATALOG_COMPILER_APPICON_NAME = AppIcon;
				ASSETCATALOG_COMPILER_GLOBAL_ACCENT_COLOR_NAME = AccentColor;
				CODE_SIGN_ENTITLEMENTS = AirChat/AirChat.entitlements;
				CODE_SIGN_IDENTITY = "iPhone Developer";
				CODE_SIGN_STYLE = Automatic;
				COPY_PHASE_STRIP = NO;
				CURRENT_PROJECT_VERSION = 1;
				DEVELOPMENT_TEAM = "";
				ENABLE_USER_SCRIPT_SANDBOXING = NO;
				GENERATE_INFOPLIST_FILE = NO;
				INFOPLIST_FILE = AirChat/Info.plist;
				IPHONEOS_DEPLOYMENT_TARGET = 15.0;
				LD_RUNPATH_SEARCH_PATHS = "$(inherited) @executable_path/Frameworks";
				MARKETING_VERSION = 3.0.0;
				PRODUCT_BUNDLE_IDENTIFIER = com.skidropz.airchat;
				PRODUCT_NAME = AirChat;
				SWIFT_EMIT_LOC_STRINGS = NO;
				SWIFT_VERSION = 5.0;
				TARGETED_DEVICE_FAMILY = 1;
				DEAD_CODE_STRIPPING = YES;
				VALIDATE_PRODUCT = YES;
			};
			name = Release;
		};
/* End XCBuildConfiguration section */


/* Begin XCConfigurationList section */
		F086F31674BEA44957E3CCA5 /* Build configuration list for PBXProject "AirChat" */ = {isa = XCConfigurationList; buildConfigurations = (
			282F8BED7AC8E61EF9F4311F /* Debug */,
			BAA844323E141A79DF10B0D7 /* Release */,
			); defaultConfigurationIsVisible = 0; defaultConfigurationName = Release; };
		09185177824D0012F345AF29 /* Build configuration list for PBXNativeTarget "AirChat" */ = {isa = XCConfigurationList; buildConfigurations = (
			2381CE2D4AF8729870E1984E /* Debug */,
			AB7D16C820D649D1E1709822 /* Release */,
			); defaultConfigurationIsVisible = 0; defaultConfigurationName = Release; };
/* End XCConfigurationList section */

	};
	rootObject = E51AD14318E989A1C93BB630 /* AirChat */;
}
